
Microsoft Visual Studio Solution File, Format Version 12.00
# Visual Studio Version 16
VisualStudioVersion = 16.0.31702.278
MinimumVisualStudioVersion = 10.0.40219.1
Project("{FAE04EC0-301F-11D3-BF4B-00C04F79EFBC}") = "FacadeDesignPattern", "FacadeDesignPattern\FacadeDesignPattern.csproj", "{A91872A2-32E0-40DF-92AA-F295A0DB63EF}"
EndProject
Global
	GlobalSection(SolutionConfigurationPlatforms) = preSolution
		Debug|Any CPU = Debug|Any CPU
		Release|Any CPU = Release|Any CPU
	EndGlobalSection
	GlobalSection(ProjectConfigurationPlatforms) = postSolution
		{A91872A2-32E0-40DF-92AA-F295A0DB63EF}.Debug|Any CPU.ActiveCfg = Debug|Any CPU
		{A91872A2-32E0-40DF-92AA-F295A0DB63EF}.Debug|Any CPU.Build.0 = Debug|Any CPU
		{A91872A2-32E0-40DF-92AA-F295A0DB63EF}.Release|Any CPU.ActiveCfg = Release|Any CPU
		{A91872A2-32E0-40DF-92AA-F295A0DB63EF}.Release|Any CPU.Build.0 = Release|Any CPU
	EndGlobalSection
	GlobalSection(SolutionProperties) = preSolution
		HideSolutionNode = FALSE
	EndGlobalSection
	GlobalSection(ExtensibilityGlobals) = postSolution
		SolutionGuid = {7CACEE7D-9246-4B57-9A6B-D6AE657FF235}
	EndGlobalSection
EndGlobal
